
Microsoft Visual Studio Solution File, Format Version 12.00
# Visual Studio Version 16
VisualStudioVersion = 16.0.29911.84
MinimumVisualStudioVersion = 10.0.40219.1
Project("{FAE04EC0-301F-11D3-BF4B-00C04F79EFBC}") = "AspNetCoreApi-Boilerplate", "AspNetCoreApi-Boilerplate\AspNetCoreApi-Boilerplate.csproj", "{093B9B44-4B49-40F3-AD58-BD01526CCE87}"
EndProject
Global
	GlobalSection(SolutionConfigurationPlatforms) = preSolution
		Debug|Any CPU = Debug|Any CPU
		Release|Any CPU = Release|Any CPU
	EndGlobalSection
	GlobalSection(ProjectConfigurationPlatforms) = postSolution
		{093B9B44-4B49-40F3-AD58-BD01526CCE87}.Debug|Any CPU.ActiveCfg = Debug|Any CPU
		{093B9B44-4B49-40F3-AD58-BD01526CCE87}.Debug|Any CPU.Build.0 = Debug|Any CPU
		{093B9B44-4B49-40F3-AD58-BD01526CCE87}.Release|Any CPU.ActiveCfg = Release|Any CPU
		{093B9B44-4B49-40F3-AD58-BD01526CCE87}.Release|Any CPU.Build.0 = Release|Any CPU
	EndGlobalSection
	GlobalSection(SolutionProperties) = preSolution
		HideSolutionNode = FALSE
	EndGlobalSection
	GlobalSection(ExtensibilityGlobals) = postSolution
		SolutionGuid = {AA619BC3-8DA0-46F7-A505-58A82333519D}
	EndGlobalSection
EndGlobal
